
Microsoft Visual Studio Solution File, Format Version 12.00
# Visual Studio 15
VisualStudioVersion = 15.0.27428.2037
MinimumVisualStudioVersion = 10.0.40219.1
Project("{FAE04EC0-301F-11D3-BF4B-00C04F79EFBC}") = "Booky", "Booky\Booky.csproj", "{34456EAD-A612-467C-A059-00C39C41A41C}"
EndProject
Project("{FAE04EC0-301F-11D3-BF4B-00C04F79EFBC}") = "Booky.Models", "Booky.Models\Booky.Models.csproj", "{D0F915CD-D4A7-415E-976B-18F0D51606B6}"
EndProject
Project("{FAE04EC0-301F-11D3-BF4B-00C04F79EFBC}") = "Booky.Interfaces", "Booky.Interfaces\Booky.Interfaces.csproj", "{2141B787-B1D4-4536-8A43-87DA7B18381E}"
EndProject
Project("{FAE04EC0-301F-11D3-BF4B-00C04F79EFBC}") = "Booky.Data", "Booky.Data\Booky.Data.csproj", "{1895DA06-71BB-4B6F-A194-1024D3433588}"
EndProject
Project("{FAE04EC0-301F-11D3-BF4B-00C04F79EFBC}") = "Booky.Core", "Booky.Core\Booky.Core.csproj", "{2724F8B4-037A-40DA-8FBE-DE65D25D9731}"
EndProject
Global
	GlobalSection(SolutionConfigurationPlatforms) = preSolution
		Debug|Any CPU = Debug|Any CPU
		Release|Any CPU = Release|Any CPU
	EndGlobalSection
	GlobalSection(ProjectConfigurationPlatforms) = postSolution
		{34456EAD-A612-467C-A059-00C39C41A41C}.Debug|Any CPU.ActiveCfg = Debug|Any CPU
		{34456EAD-A612-467C-A059-00C39C41A41C}.Debug|Any CPU.Build.0 = Debug|Any CPU
		{34456EAD-A612-467C-A059-00C39C41A41C}.Release|Any CPU.ActiveCfg = Release|Any CPU
		{34456EAD-A612-467C-A059-00C39C41A41C}.Release|Any CPU.Build.0 = Release|Any CPU
		{D0F915CD-D4A7-415E-976B-18F0D51606B6}.Debug|Any CPU.ActiveCfg = Debug|Any CPU
		{D0F915CD-D4A7-415E-976B-18F0D51606B6}.Debug|Any CPU.Build.0 = Debug|Any CPU
		{D0F915CD-D4A7-415E-976B-18F0D51606B6}.Release|Any CPU.ActiveCfg = Release|Any CPU
		{D0F915CD-D4A7-415E-976B-18F0D51606B6}.Release|Any CPU.Build.0 = Release|Any CPU
		{2141B787-B1D4-4536-8A43-87DA7B18381E}.Debug|Any CPU.ActiveCfg = Debug|Any CPU
		{2141B787-B1D4-4536-8A43-87DA7B18381E}.Debug|Any CPU.Build.0 = Debug|Any CPU
		{2141B787-B1D4-4536-8A43-87DA7B18381E}.Release|Any CPU.ActiveCfg = Release|Any CPU
		{2141B787-B1D4-4536-8A43-87DA7B18381E}.Release|Any CPU.Build.0 = Release|Any CPU
		{1895DA06-71BB-4B6F-A194-1024D3433588}.Debug|Any CPU.ActiveCfg = Debug|Any CPU
		{1895DA06-71BB-4B6F-A194-1024D3433588}.Debug|Any CPU.Build.0 = Debug|Any CPU
		{1895DA06-71BB-4B6F-A194-1024D3433588}.Release|Any CPU.ActiveCfg = Release|Any CPU
		{1895DA06-71BB-4B6F-A194-1024D3433588}.Release|Any CPU.Build.0 = Release|Any CPU
		{2724F8B4-037A-40DA-8FBE-DE65D25D9731}.Debug|Any CPU.ActiveCfg = Debug|Any CPU
		{2724F8B4-037A-40DA-8FBE-DE65D25D9731}.Debug|Any CPU.Build.0 = Debug|Any CPU
		{2724F8B4-037A-40DA-8FBE-DE65D25D9731}.Release|Any CPU.ActiveCfg = Release|Any CPU
		{2724F8B4-037A-40DA-8FBE-DE65D25D9731}.Release|Any CPU.Build.0 = Release|Any CPU
	EndGlobalSection
	GlobalSection(SolutionProperties) = preSolution
		HideSolutionNode = FALSE
	EndGlobalSection
	GlobalSection(ExtensibilityGlobals) = postSolution
		SolutionGuid = {6EDECAF2-FC03-4A39-8092-A2BDC4119006}
	EndGlobalSection
EndGlobal
